<?xml version="1.0" encoding="utf-8"?>
<Project ToolsVersion="4.0" xmlns="http://schemas.microsoft.com/developer/msbuild/2003">
  <ItemGroup>
    <ClCompile Include="includes\Audio\Audio.cpp" />
    <ClCompile Include="src\Application\Context.cpp" />
    <ClCompile Include="src\Auxiliaries\AssetSerializer.cpp" />
    <ClCompile Include="src\Auxiliaries\ComponentSerializer.cpp" />
    <ClCompile Include="src\Auxiliaries\PropertyAPI.cpp" />
    <ClCompile Include="src\Auxiliaries\RegisterProperties.cpp" />
    <ClCompile Include="src\Auxiliaries\SerializationRegistry.cpp" />
    <ClCompile Include="src\Auxiliaries\SerializerInit.cpp" />
    <ClCompile Include="src\BoomEngine.cpp" />
    <ClCompile Include="src\Logger.cpp" />
    <ClCompile Include="src\Scripting\ScriptAPI.cpp" />
    <ClCompile Include="src\Scripting\ScriptingSystem.cpp" />
    <ClCompile Include="src\Scripting\ScriptRunTime.cpp" />
    <ClCompile Include="src\Textures\Texture.cpp" />
    <ClCompile Include="src\Textures\Compression.cpp" />
    <ClCompile Include="Vendors\DebugUtils\Source\DebugDraw.cpp" />
    <ClCompile Include="Vendors\DebugUtils\Source\DetourDebugDraw.cpp" />
    <ClCompile Include="Vendors\DebugUtils\Source\RecastDebugDraw.cpp" />
    <ClCompile Include="Vendors\DebugUtils\Source\RecastDump.cpp" />
    <ClCompile Include="Vendors\Detour\Source\DetourAlloc.cpp" />
    <ClCompile Include="Vendors\Detour\Source\DetourAssert.cpp" />
    <ClCompile Include="Vendors\Detour\Source\DetourCommon.cpp" />
    <ClCompile Include="Vendors\Detour\Source\DetourNavMesh.cpp" />
    <ClCompile Include="Vendors\Detour\Source\DetourNavMeshBuilder.cpp" />
    <ClCompile Include="Vendors\Detour\Source\DetourNavMeshQuery.cpp" />
    <ClCompile Include="Vendors\Detour\Source\DetourNode.cpp" />
    <ClCompile Include="Vendors\DetourCrowd\Source\DetourCrowd.cpp" />
    <ClCompile Include="Vendors\DetourCrowd\Source\DetourLocalBoundary.cpp" />
    <ClCompile Include="Vendors\DetourCrowd\Source\DetourObstacleAvoidance.cpp" />
    <ClCompile Include="Vendors\DetourCrowd\Source\DetourPathCorridor.cpp" />
    <ClCompile Include="Vendors\DetourCrowd\Source\DetourPathQueue.cpp" />
    <ClCompile Include="Vendors\DetourCrowd\Source\DetourProximityGrid.cpp" />
    <ClCompile Include="Vendors\DetourTileCache\Source\DetourTileCache.cpp" />
    <ClCompile Include="Vendors\DetourTileCache\Source\DetourTileCacheBuilder.cpp" />
    <ClCompile Include="Vendors\Recast\Source\Recast.cpp" />
    <ClCompile Include="Vendors\Recast\Source\RecastAlloc.cpp" />
    <ClCompile Include="Vendors\Recast\Source\RecastArea.cpp" />
    <ClCompile Include="Vendors\Recast\Source\RecastAssert.cpp" />
    <ClCompile Include="Vendors\Recast\Source\RecastContour.cpp" />
    <ClCompile Include="Vendors\Recast\Source\RecastFilter.cpp" />
    <ClCompile Include="Vendors\Recast\Source\RecastLayers.cpp" />
    <ClCompile Include="Vendors\Recast\Source\RecastMesh.cpp" />
    <ClCompile Include="Vendors\Recast\Source\RecastMeshDetail.cpp" />
    <ClCompile Include="Vendors\Recast\Source\RecastRasterization.cpp" />
    <ClCompile Include="Vendors\Recast\Source\RecastRegion.cpp" />
  </ItemGroup>
  <ItemGroup>
    <ClInclude Include="includes\Application\Application.h" />
    <ClInclude Include="includes\Application\Context.h" />
    <ClInclude Include="includes\Application\Interface.h" />
    <ClInclude Include="includes\AppWindow.h" />
    <ClInclude Include="includes\Audio\Audio.hpp" />
    <ClInclude Include="includes\Auxiliaries\Assets.h" />
    <ClInclude Include="includes\Auxiliaries\DataSerializer.h" />
    <ClInclude Include="includes\Auxiliaries\PrefabUtility.h" />
    <ClInclude Include="includes\Auxiliaries\Profiler.h" />
    <ClInclude Include="includes\Auxiliaries\PropertyAPI.h" />
    <ClInclude Include="includes\Auxiliaries\SerializationRegistry.h" />
    <ClInclude Include="includes\BoomEngine.h" />
    <ClInclude Include="includes\Common\BoomProperties.h" />
    <ClInclude Include="includes\Common\Events.h" />
    <ClInclude Include="includes\Common\framework.h" />
    <ClInclude Include="includes\Common\Core.h" />
    <ClInclude Include="includes\Common\YAML.h" />
    <ClInclude Include="includes\ECS\ECS.hpp" />
    <ClInclude Include="includes\GlobalConstants.h" />
    <ClInclude Include="includes\Graphics\Buffers\Frame.h" />
    <ClInclude Include="includes\Graphics\Buffers\Mesh.h" />
    <ClInclude Include="includes\Graphics\Buffers\Vertex.h" />
    <ClInclude Include="includes\Graphics\Models\Animation.h" />
    <ClInclude Include="includes\Graphics\Models\Animator.h" />
    <ClInclude Include="includes\Graphics\Models\Helper.h" />
    <ClInclude Include="includes\Graphics\Models\Model.h" />
    <ClInclude Include="includes\Graphics\Renderer.h" />
    <ClInclude Include="includes\Graphics\Shaders\Bloom.h" />
    <ClInclude Include="includes\Graphics\Shaders\Color.h" />
    <ClInclude Include="includes\Graphics\Shaders\Final.h" />
    <ClInclude Include="includes\Graphics\Shaders\PBR.h" />
    <ClInclude Include="includes\Graphics\Shaders\Shader.h" />
    <ClInclude Include="includes\Graphics\Shaders\Shadow.h" />
    <ClInclude Include="includes\Graphics\Shaders\Skybox.h" />
    <ClInclude Include="includes\Graphics\Shaders\SkyMap.h" />
    <ClInclude Include="includes\Graphics\Textures\Texture.h" />
    <ClInclude Include="includes\Graphics\Utilities\Culling.h" />
    <ClInclude Include="includes\Graphics\Utilities\Data.h" />
    <ClInclude Include="includes\Graphics\Utilities\Quad.h" />
    <ClInclude Include="includes\Graphics\Utilities\Skybox.h" />
    <ClInclude Include="includes\Physics\Callback.h" />
    <ClInclude Include="includes\Physics\Context.h" />
    <ClInclude Include="includes\Physics\Helpers.h" />
    <ClInclude Include="includes\Physics\Utilities.h" />
    <ClInclude Include="includes\Scripting\ScriptAPI.h" />
    <ClInclude Include="includes\Scripting\ScriptingSystem.h" />
    <ClInclude Include="includes\Scripting\ScriptRuntime.h" />
    <ClInclude Include="includes\Window\InputSystem.h" />
    <ClInclude Include="thirdparty\dotnet\hostfxr.h" />
    <ClInclude Include="thirdparty\dotnet\nethost.h" />
    <ClInclude Include="includes\Input\CameraManager.h" />
    <ClInclude Include="includes\Input\InputHandler.h" />
    <ClInclude Include="includes\Graphics\Textures\Compression.h" />
    <ClInclude Include="includes\AI\Grid.h" />
    <ClInclude Include="includes\AI\GridAStar.h" />
    <ClInclude Include="includes\AI\GridReverseDjik.h" />
    <ClInclude Include="includes\AI\GridChaseAI.h" />
  </ItemGroup>
  <ItemGroup>
    <Library Include="thirdparty\dotnet\nethost.lib" />
  </ItemGroup>
  <ItemGroup>
    <None Include="VendorSettings.props" />
  </ItemGroup>
</Project>