<?xml version="1.0" encoding="utf-8"?>
<Project ToolsVersion="4.0" xmlns="http://schemas.microsoft.com/developer/msbuild/2003">
  <ItemGroup>
    <Filter Include="Source Files">
      <UniqueIdentifier>{4FC737F1-C7A5-4376-A066-2A32D752A2FF}</UniqueIdentifier>
      <Extensions>cpp;c;cc;cxx;c++;cppm;ixx;def;odl;idl;hpj;bat;asm;asmx</Extensions>
    </Filter>
    <Filter Include="Resource Files">
      <UniqueIdentifier>{67DA6AB6-F800-4c08-8B7A-83BB121AAD01}</UniqueIdentifier>
      <Extensions>rc;ico;cur;bmp;dlg;rc2;rct;bin;rgs;gif;jpg;jpeg;jpe;resx;tiff;tif;png;wav;mfcribbon-ms</Extensions>
    </Filter>
    <Filter Include="includes">
      <UniqueIdentifier>{93995380-89BD-4b04-88EB-625FBE52EBFB}</UniqueIdentifier>
      <Extensions>h;hh;hpp;hxx;h++;hm;inl;inc;ipp;xsd</Extensions>
    </Filter>
    <Filter Include="includes\common">
      <UniqueIdentifier>{b649e3bd-a460-42c1-b965-43557631212d}</UniqueIdentifier>
    </Filter>
  </ItemGroup>
  <ItemGroup>
    <ClInclude Include="includes\BoomEngine.h">
      <Filter>includes</Filter>
    </ClInclude>
    <ClInclude Include="includes\Common\framework.h">
      <Filter>includes\common</Filter>
    </ClInclude>
    <ClInclude Include="includes\Common\Core.h">
      <Filter>includes\common</Filter>
    </ClInclude>
    <ClInclude Include="includes\Application\Context.h">
      <Filter>includes</Filter>
    </ClInclude>
    <ClInclude Include="includes\Application\Interface.h">
      <Filter>includes</Filter>
    </ClInclude>
    <ClInclude Include="includes\Application\Application.h">
      <Filter>includes</Filter>
    </ClInclude>
    <ClInclude Include="includes\Common\Events.h">
      <Filter>includes</Filter>
    </ClInclude>
    <ClInclude Include="includes\AppWindow.h">
      <Filter>includes</Filter>
    </ClInclude>
    <ClInclude Include="includes\Graphics\Renderer.h">
      <Filter>includes</Filter>
    </ClInclude>
    <ClInclude Include="includes\Graphics\Buffers\Frame.h">
      <Filter>includes</Filter>
    </ClInclude>
    <ClInclude Include="includes\Graphics\Buffers\Mesh.h">
      <Filter>includes</Filter>
    </ClInclude>
    <ClInclude Include="includes\Graphics\Buffers\Vertex.h">
      <Filter>includes</Filter>
    </ClInclude>
    <ClInclude Include="includes\Graphics\Utilities\Quad.h">
      <Filter>includes</Filter>
    </ClInclude>
    <ClInclude Include="includes\Graphics\Shaders\Final.h">
      <Filter>includes</Filter>
    </ClInclude>
    <ClInclude Include="includes\Graphics\Shaders\PBR.h">
      <Filter>includes</Filter>
    </ClInclude>
    <ClInclude Include="includes\Graphics\Shaders\Shader.h">
      <Filter>includes</Filter>
    </ClInclude>
    <ClInclude Include="includes\Graphics\Utilities\Data.h">
      <Filter>includes</Filter>
    </ClInclude>
    <ClInclude Include="includes\GlobalConstants.h">
      <Filter>includes</Filter>
    </ClInclude>
    <ClInclude Include="includes\Graphics\Shaders\Color.h">
      <Filter>includes</Filter>
    </ClInclude>
    <ClInclude Include="includes\Graphics\Models\Helper.h">
      <Filter>includes</Filter>
    </ClInclude>
    <ClInclude Include="includes\Graphics\Models\Model.h">
      <Filter>includes</Filter>
    </ClInclude>
    <ClInclude Include="includes\Graphics\Textures\Texture.h">
      <Filter>includes</Filter>
    </ClInclude>
    <ClInclude Include="includes\Graphics\Utilities\Skybox.h">
      <Filter>includes</Filter>
    </ClInclude>
    <ClInclude Include="includes\Graphics\Shaders\SkyMap.h">
      <Filter>includes</Filter>
    </ClInclude>
    <ClInclude Include="includes\Graphics\Shaders\Skybox.h">
      <Filter>includes</Filter>
    </ClInclude>
    <ClInclude Include="includes\ECS\ECS.hpp">
      <Filter>includes</Filter>
    </ClInclude>
    <ClInclude Include="includes\Physics\Callback.h">
      <Filter>includes</Filter>
    </ClInclude>
    <ClInclude Include="includes\Physics\Helpers.h">
      <Filter>includes</Filter>
    </ClInclude>
    <ClInclude Include="includes\Physics\Context.h">
      <Filter>includes</Filter>
    </ClInclude>
    <ClInclude Include="includes\Physics\Utilities.h">
      <Filter>includes</Filter>
    </ClInclude>
    <ClInclude Include="includes\Graphics\Models\Animator.h">
      <Filter>includes</Filter>
    </ClInclude>
    <ClInclude Include="includes\Graphics\Models\Animation.h">
      <Filter>includes</Filter>
    </ClInclude>
    <ClInclude Include="includes\Graphics\Shaders\Shadow.h">
      <Filter>includes</Filter>
    </ClInclude>
    <ClInclude Include="includes\Graphics\Shaders\Bloom.h">
      <Filter>includes</Filter>
    </ClInclude>
    <ClInclude Include="includes\Audio\Audio.hpp">
      <Filter>includes</Filter>
    </ClInclude>
    <ClInclude Include="includes\Auxiliaries\Assets.h">
      <Filter>includes</Filter>
    </ClInclude>
    <ClInclude Include="includes\Common\YAML.h">
      <Filter>includes</Filter>
    </ClInclude>
    <ClInclude Include="includes\Auxiliaries\Serializer.h">
      <Filter>includes</Filter>
    </ClInclude>
    <ClInclude Include="includes\Graphics\Shaders\Irradiance.h">
      <Filter>includes</Filter>
    </ClInclude>
    <ClInclude Include="includes\Graphics\Shaders\Prefiltered.h">
      <Filter>includes</Filter>
    </ClInclude>
    <ClInclude Include="includes\Graphics\Shaders\BRDF.h">
      <Filter>includes</Filter>
    </ClInclude>
  </ItemGroup>
  <ItemGroup>
    <ClCompile Include="src\BoomEngine.cpp">
      <Filter>Source Files</Filter>
    </ClCompile>
    <ClCompile Include="src\Logger.cpp">
      <Filter>Source Files</Filter>
    </ClCompile>
    <ClCompile Include="src\Application\Context.cpp">
      <Filter>Source Files</Filter>
    </ClCompile>
    <ClCompile Include="src\Textures\Texture.cpp">
      <Filter>Source Files</Filter>
    </ClCompile>
    <ClCompile Include="includes\Audio\Audio.cpp">
      <Filter>Source Files</Filter>
    </ClCompile>
  </ItemGroup>
</Project>